
Microsoft Visual Studio Solution File, Format Version 12.00
# Visual Studio 15
VisualStudioVersion = 15.0.27130.2036
MinimumVisualStudioVersion = 10.0.40219.1
Project("{9A19103F-16F7-4668-BE54-9A1E7A4F7556}") = "RediSearchSharp", "RediSearchSharp\RediSearchSharp.csproj", "{FDDB0FFC-F925-44B5-8D22-C3E009254F83}"
EndProject
Project("{9A19103F-16F7-4668-BE54-9A1E7A4F7556}") = "RediSearchSharp.Test", "RediSearchSharp.Test\RediSearchSharp.Test.csproj", "{D41E1A5B-5A3B-4511-8877-6ACBCBADE2C5}"
EndProject
Global
	GlobalSection(SolutionConfigurationPlatforms) = preSolution
		Debug|Any CPU = Debug|Any CPU
		Release|Any CPU = Release|Any CPU
	EndGlobalSection
	GlobalSection(ProjectConfigurationPlatforms) = postSolution
		{FDDB0FFC-F925-44B5-8D22-C3E009254F83}.Debug|Any CPU.ActiveCfg = Debug|Any CPU
		{FDDB0FFC-F925-44B5-8D22-C3E009254F83}.Debug|Any CPU.Build.0 = Debug|Any CPU
		{FDDB0FFC-F925-44B5-8D22-C3E009254F83}.Release|Any CPU.ActiveCfg = Release|Any CPU
		{FDDB0FFC-F925-44B5-8D22-C3E009254F83}.Release|Any CPU.Build.0 = Release|Any CPU
		{D41E1A5B-5A3B-4511-8877-6ACBCBADE2C5}.Debug|Any CPU.ActiveCfg = Debug|Any CPU
		{D41E1A5B-5A3B-4511-8877-6ACBCBADE2C5}.Debug|Any CPU.Build.0 = Debug|Any CPU
		{D41E1A5B-5A3B-4511-8877-6ACBCBADE2C5}.Release|Any CPU.ActiveCfg = Release|Any CPU
		{D41E1A5B-5A3B-4511-8877-6ACBCBADE2C5}.Release|Any CPU.Build.0 = Release|Any CPU
	EndGlobalSection
	GlobalSection(SolutionProperties) = preSolution
		HideSolutionNode = FALSE
	EndGlobalSection
	GlobalSection(ExtensibilityGlobals) = postSolution
		SolutionGuid = {657EA3ED-4ABF-4140-BA89-42EB6E06A5E3}
	EndGlobalSection
EndGlobal
